
Microsoft Visual Studio Solution File, Format Version 12.00
# Visual Studio Version 17
VisualStudioVersion = 17.11.35327.3
MinimumVisualStudioVersion = 10.0.40219.1
Project("{FAE04EC0-301F-11D3-BF4B-00C04F79EFBC}") = "Task22", "Task22\Task22.csproj", "{049697A0-AB3E-4A42-80CA-A87E29FD9F30}"
EndProject
Global
	GlobalSection(SolutionConfigurationPlatforms) = preSolution
		Debug|Any CPU = Debug|Any CPU
		Release|Any CPU = Release|Any CPU
	EndGlobalSection
	GlobalSection(ProjectConfigurationPlatforms) = postSolution
		{049697A0-AB3E-4A42-80CA-A87E29FD9F30}.Debug|Any CPU.ActiveCfg = Debug|Any CPU
		{049697A0-AB3E-4A42-80CA-A87E29FD9F30}.Debug|Any CPU.Build.0 = Debug|Any CPU
		{049697A0-AB3E-4A42-80CA-A87E29FD9F30}.Release|Any CPU.ActiveCfg = Release|Any CPU
		{049697A0-AB3E-4A42-80CA-A87E29FD9F30}.Release|Any CPU.Build.0 = Release|Any CPU
	EndGlobalSection
	GlobalSection(SolutionProperties) = preSolution
		HideSolutionNode = FALSE
	EndGlobalSection
	GlobalSection(ExtensibilityGlobals) = postSolution
		SolutionGuid = {83A112CA-03AD-42CB-AF37-344B25155870}
	EndGlobalSection
EndGlobal
