
Microsoft Visual Studio Solution File, Format Version 12.00
# Visual Studio Version 17
VisualStudioVersion = 17.11.35327.3
MinimumVisualStudioVersion = 10.0.40219.1
Project("{FAE04EC0-301F-11D3-BF4B-00C04F79EFBC}") = "Task21", "Task21\Task21.csproj", "{5A8415AD-31EC-4052-A5B1-C81DA49AB2DA}"
EndProject
Project("{2150E333-8FDC-42A3-9474-1A3956D46DE8}") = "Элементы решения", "Элементы решения", "{3E18784A-ADC2-4D71-9957-06621E387EA1}"
	ProjectSection(SolutionItems) = preProject
		MyTreeMap.cs = MyTreeMap.cs
	EndProjectSection
EndProject
Global
	GlobalSection(SolutionConfigurationPlatforms) = preSolution
		Debug|Any CPU = Debug|Any CPU
		Release|Any CPU = Release|Any CPU
	EndGlobalSection
	GlobalSection(ProjectConfigurationPlatforms) = postSolution
		{5A8415AD-31EC-4052-A5B1-C81DA49AB2DA}.Debug|Any CPU.ActiveCfg = Debug|Any CPU
		{5A8415AD-31EC-4052-A5B1-C81DA49AB2DA}.Debug|Any CPU.Build.0 = Debug|Any CPU
		{5A8415AD-31EC-4052-A5B1-C81DA49AB2DA}.Release|Any CPU.ActiveCfg = Release|Any CPU
		{5A8415AD-31EC-4052-A5B1-C81DA49AB2DA}.Release|Any CPU.Build.0 = Release|Any CPU
	EndGlobalSection
	GlobalSection(SolutionProperties) = preSolution
		HideSolutionNode = FALSE
	EndGlobalSection
	GlobalSection(ExtensibilityGlobals) = postSolution
		SolutionGuid = {3063D8AD-80F7-4910-A6FB-016446644E21}
	EndGlobalSection
EndGlobal
