
Microsoft Visual Studio Solution File, Format Version 12.00
# Visual Studio Version 17
VisualStudioVersion = 17.11.35222.181
MinimumVisualStudioVersion = 10.0.40219.1
Project("{FAE04EC0-301F-11D3-BF4B-00C04F79EFBC}") = "Task16", "Task16\Task16.csproj", "{94BC6275-BFBB-43B4-BA60-B871EB1D2B63}"
EndProject
Global
	GlobalSection(SolutionConfigurationPlatforms) = preSolution
		Debug|Any CPU = Debug|Any CPU
		Release|Any CPU = Release|Any CPU
	EndGlobalSection
	GlobalSection(ProjectConfigurationPlatforms) = postSolution
		{94BC6275-BFBB-43B4-BA60-B871EB1D2B63}.Debug|Any CPU.ActiveCfg = Debug|Any CPU
		{94BC6275-BFBB-43B4-BA60-B871EB1D2B63}.Debug|Any CPU.Build.0 = Debug|Any CPU
		{94BC6275-BFBB-43B4-BA60-B871EB1D2B63}.Release|Any CPU.ActiveCfg = Release|Any CPU
		{94BC6275-BFBB-43B4-BA60-B871EB1D2B63}.Release|Any CPU.Build.0 = Release|Any CPU
	EndGlobalSection
	GlobalSection(SolutionProperties) = preSolution
		HideSolutionNode = FALSE
	EndGlobalSection
	GlobalSection(ExtensibilityGlobals) = postSolution
		SolutionGuid = {4AF9252B-4A45-4752-A67A-C48CD0366928}
	EndGlobalSection
EndGlobal
